
Microsoft Visual Studio Solution File, Format Version 12.00
# Visual Studio Version 16
VisualStudioVersion = 16.0.31019.35
MinimumVisualStudioVersion = 10.0.40219.1
Project("{FAE04EC0-301F-11D3-BF4B-00C04F79EFBC}") = "INF164 Practical 5 Part 1", "INF164 Practical 5 Part 1\INF164 Practical 5 Part 1.csproj", "{D5CF28C4-BB99-46DF-8846-E009D6B49CCC}"
EndProject
Global
	GlobalSection(SolutionConfigurationPlatforms) = preSolution
		Debug|Any CPU = Debug|Any CPU
		Release|Any CPU = Release|Any CPU
	EndGlobalSection
	GlobalSection(ProjectConfigurationPlatforms) = postSolution
		{D5CF28C4-BB99-46DF-8846-E009D6B49CCC}.Debug|Any CPU.ActiveCfg = Debug|Any CPU
		{D5CF28C4-BB99-46DF-8846-E009D6B49CCC}.Debug|Any CPU.Build.0 = Debug|Any CPU
		{D5CF28C4-BB99-46DF-8846-E009D6B49CCC}.Release|Any CPU.ActiveCfg = Release|Any CPU
		{D5CF28C4-BB99-46DF-8846-E009D6B49CCC}.Release|Any CPU.Build.0 = Release|Any CPU
	EndGlobalSection
	GlobalSection(SolutionProperties) = preSolution
		HideSolutionNode = FALSE
	EndGlobalSection
	GlobalSection(ExtensibilityGlobals) = postSolution
		SolutionGuid = {A7DDE1ED-6CED-43AE-B3A2-541625F31CE5}
	EndGlobalSection
EndGlobal
